
Microsoft Visual Studio Solution File, Format Version 12.00
# Visual Studio Version 17
VisualStudioVersion = 17.9.34902.65
MinimumVisualStudioVersion = 10.0.40219.1
Project("{FAE04EC0-301F-11D3-BF4B-00C04F79EFBC}") = "PrimeNumbers", "PrimeNumbers\PrimeNumbers.csproj", "{DD3DFE7B-29EF-4A47-9D67-303BFD59AE85}"
EndProject
Global
	GlobalSection(SolutionConfigurationPlatforms) = preSolution
		Debug|Any CPU = Debug|Any CPU
		Release|Any CPU = Release|Any CPU
	EndGlobalSection
	GlobalSection(ProjectConfigurationPlatforms) = postSolution
		{DD3DFE7B-29EF-4A47-9D67-303BFD59AE85}.Debug|Any CPU.ActiveCfg = Debug|Any CPU
		{DD3DFE7B-29EF-4A47-9D67-303BFD59AE85}.Debug|Any CPU.Build.0 = Debug|Any CPU
		{DD3DFE7B-29EF-4A47-9D67-303BFD59AE85}.Release|Any CPU.ActiveCfg = Release|Any CPU
		{DD3DFE7B-29EF-4A47-9D67-303BFD59AE85}.Release|Any CPU.Build.0 = Release|Any CPU
	EndGlobalSection
	GlobalSection(SolutionProperties) = preSolution
		HideSolutionNode = FALSE
	EndGlobalSection
	GlobalSection(ExtensibilityGlobals) = postSolution
		SolutionGuid = {60642DA8-3C9E-4658-8356-6A2E93C041B7}
	EndGlobalSection
EndGlobal
